
Microsoft Visual Studio Solution File, Format Version 12.00
# Visual Studio 15
VisualStudioVersion = 15.0.28307.645
MinimumVisualStudioVersion = 10.0.40219.1
Project("{FAE04EC0-301F-11D3-BF4B-00C04F79EFBC}") = "UpdateConnectionStrings", "UpdateConnectionStrings\UpdateConnectionStrings.csproj", "{510BA6AF-B64F-444D-BE18-29EA06E32BDF}"
EndProject
Global
	GlobalSection(SolutionConfigurationPlatforms) = preSolution
		Debug|Any CPU = Debug|Any CPU
		Release|Any CPU = Release|Any CPU
	EndGlobalSection
	GlobalSection(ProjectConfigurationPlatforms) = postSolution
		{510BA6AF-B64F-444D-BE18-29EA06E32BDF}.Debug|Any CPU.ActiveCfg = Debug|Any CPU
		{510BA6AF-B64F-444D-BE18-29EA06E32BDF}.Debug|Any CPU.Build.0 = Debug|Any CPU
		{510BA6AF-B64F-444D-BE18-29EA06E32BDF}.Release|Any CPU.ActiveCfg = Release|Any CPU
		{510BA6AF-B64F-444D-BE18-29EA06E32BDF}.Release|Any CPU.Build.0 = Release|Any CPU
	EndGlobalSection
	GlobalSection(SolutionProperties) = preSolution
		HideSolutionNode = FALSE
	EndGlobalSection
	GlobalSection(ExtensibilityGlobals) = postSolution
		SolutionGuid = {857FFF3E-4DC1-4122-860D-4558713E5D6B}
	EndGlobalSection
EndGlobal
